
Microsoft Visual Studio Solution File, Format Version 12.00
# Visual Studio 15
Project("{FAE04EC0-301F-11D3-BF4B-00C04F79EFBC}") = "test.Android", "test.Android\test.Android.csproj", "{24CE3C36-16B9-426D-AA0C-5961ECF8D88C}"
EndProject
Project("{FAE04EC0-301F-11D3-BF4B-00C04F79EFBC}") = "test.iOS", "test.iOS\test.iOS.csproj", "{A1F92FD7-A56D-47D2-94DD-5D783A5102E6}"
EndProject
Project("{FAE04EC0-301F-11D3-BF4B-00C04F79EFBC}") = "test", "test\test.csproj", "{FB04E20F-6404-47B2-B731-CC159DCD84C4}"
EndProject
Global
	GlobalSection(SolutionConfigurationPlatforms) = preSolution
		Debug|Any CPU = Debug|Any CPU
		Release|Any CPU = Release|Any CPU
		Debug|iPhoneSimulator = Debug|iPhoneSimulator
		Release|iPhoneSimulator = Release|iPhoneSimulator
		Debug|iPhone = Debug|iPhone
		Release|iPhone = Release|iPhone
	EndGlobalSection
	GlobalSection(ProjectConfigurationPlatforms) = postSolution
		{24CE3C36-16B9-426D-AA0C-5961ECF8D88C}.Debug|Any CPU.ActiveCfg = Debug|Any CPU
		{24CE3C36-16B9-426D-AA0C-5961ECF8D88C}.Debug|Any CPU.Build.0 = Debug|Any CPU
		{24CE3C36-16B9-426D-AA0C-5961ECF8D88C}.Release|Any CPU.ActiveCfg = Release|Any CPU
		{24CE3C36-16B9-426D-AA0C-5961ECF8D88C}.Release|Any CPU.Build.0 = Release|Any CPU
		{24CE3C36-16B9-426D-AA0C-5961ECF8D88C}.Debug|iPhoneSimulator.ActiveCfg = Debug|Any CPU
		{24CE3C36-16B9-426D-AA0C-5961ECF8D88C}.Debug|iPhoneSimulator.Build.0 = Debug|Any CPU
		{24CE3C36-16B9-426D-AA0C-5961ECF8D88C}.Release|iPhoneSimulator.ActiveCfg = Release|Any CPU
		{24CE3C36-16B9-426D-AA0C-5961ECF8D88C}.Release|iPhoneSimulator.Build.0 = Release|Any CPU
		{24CE3C36-16B9-426D-AA0C-5961ECF8D88C}.Debug|iPhone.ActiveCfg = Debug|Any CPU
		{24CE3C36-16B9-426D-AA0C-5961ECF8D88C}.Debug|iPhone.Build.0 = Debug|Any CPU
		{24CE3C36-16B9-426D-AA0C-5961ECF8D88C}.Release|iPhone.ActiveCfg = Release|Any CPU
		{24CE3C36-16B9-426D-AA0C-5961ECF8D88C}.Release|iPhone.Build.0 = Release|Any CPU
		{A1F92FD7-A56D-47D2-94DD-5D783A5102E6}.Debug|Any CPU.ActiveCfg = Debug|iPhoneSimulator
		{A1F92FD7-A56D-47D2-94DD-5D783A5102E6}.Debug|Any CPU.Build.0 = Debug|iPhoneSimulator
		{A1F92FD7-A56D-47D2-94DD-5D783A5102E6}.Release|Any CPU.ActiveCfg = Release|iPhoneSimulator
		{A1F92FD7-A56D-47D2-94DD-5D783A5102E6}.Release|Any CPU.Build.0 = Release|iPhoneSimulator
		{A1F92FD7-A56D-47D2-94DD-5D783A5102E6}.Debug|iPhoneSimulator.ActiveCfg = Debug|iPhoneSimulator
		{A1F92FD7-A56D-47D2-94DD-5D783A5102E6}.Debug|iPhoneSimulator.Build.0 = Debug|iPhoneSimulator
		{A1F92FD7-A56D-47D2-94DD-5D783A5102E6}.Release|iPhoneSimulator.ActiveCfg = Release|iPhoneSimulator
		{A1F92FD7-A56D-47D2-94DD-5D783A5102E6}.Release|iPhoneSimulator.Build.0 = Release|iPhoneSimulator
		{A1F92FD7-A56D-47D2-94DD-5D783A5102E6}.Debug|iPhone.ActiveCfg = Debug|iPhone
		{A1F92FD7-A56D-47D2-94DD-5D783A5102E6}.Debug|iPhone.Build.0 = Debug|iPhone
		{A1F92FD7-A56D-47D2-94DD-5D783A5102E6}.Release|iPhone.ActiveCfg = Release|iPhone
		{A1F92FD7-A56D-47D2-94DD-5D783A5102E6}.Release|iPhone.Build.0 = Release|iPhone
		{FB04E20F-6404-47B2-B731-CC159DCD84C4}.Debug|Any CPU.ActiveCfg = Debug|Any CPU
		{FB04E20F-6404-47B2-B731-CC159DCD84C4}.Debug|Any CPU.Build.0 = Debug|Any CPU
		{FB04E20F-6404-47B2-B731-CC159DCD84C4}.Release|Any CPU.ActiveCfg = Release|Any CPU
		{FB04E20F-6404-47B2-B731-CC159DCD84C4}.Release|Any CPU.Build.0 = Release|Any CPU
		{FB04E20F-6404-47B2-B731-CC159DCD84C4}.Debug|iPhoneSimulator.ActiveCfg = Debug|Any CPU
		{FB04E20F-6404-47B2-B731-CC159DCD84C4}.Debug|iPhoneSimulator.Build.0 = Debug|Any CPU
		{FB04E20F-6404-47B2-B731-CC159DCD84C4}.Release|iPhoneSimulator.ActiveCfg = Release|Any CPU
		{FB04E20F-6404-47B2-B731-CC159DCD84C4}.Release|iPhoneSimulator.Build.0 = Release|Any CPU
		{FB04E20F-6404-47B2-B731-CC159DCD84C4}.Debug|iPhone.ActiveCfg = Debug|Any CPU
		{FB04E20F-6404-47B2-B731-CC159DCD84C4}.Debug|iPhone.Build.0 = Debug|Any CPU
		{FB04E20F-6404-47B2-B731-CC159DCD84C4}.Release|iPhone.ActiveCfg = Release|Any CPU
		{FB04E20F-6404-47B2-B731-CC159DCD84C4}.Release|iPhone.Build.0 = Release|Any CPU
	EndGlobalSection
EndGlobal
